
Microsoft Visual Studio Solution File, Format Version 12.00
# Visual Studio Version 16
VisualStudioVersion = 16.0.29728.190
MinimumVisualStudioVersion = 10.0.40219.1
Project("{9A19103F-16F7-4668-BE54-9A1E7A4F7556}") = "CalcAreaShapes", "CalcAreaShapes\CalcAreaShapes.csproj", "{A47B2784-D0D1-464A-A0D2-8072544C2BC0}"
EndProject
Project("{FAE04EC0-301F-11D3-BF4B-00C04F79EFBC}") = "LibCalcArea", "LibCalcArea\LibCalcArea.csproj", "{057B44B0-ED99-40A2-8138-639C0392EB4F}"
EndProject
Global
	GlobalSection(SolutionConfigurationPlatforms) = preSolution
		Debug|Any CPU = Debug|Any CPU
		Release|Any CPU = Release|Any CPU
	EndGlobalSection
	GlobalSection(ProjectConfigurationPlatforms) = postSolution
		{A47B2784-D0D1-464A-A0D2-8072544C2BC0}.Debug|Any CPU.ActiveCfg = Debug|Any CPU
		{A47B2784-D0D1-464A-A0D2-8072544C2BC0}.Debug|Any CPU.Build.0 = Debug|Any CPU
		{A47B2784-D0D1-464A-A0D2-8072544C2BC0}.Release|Any CPU.ActiveCfg = Release|Any CPU
		{A47B2784-D0D1-464A-A0D2-8072544C2BC0}.Release|Any CPU.Build.0 = Release|Any CPU
		{057B44B0-ED99-40A2-8138-639C0392EB4F}.Debug|Any CPU.ActiveCfg = Debug|Any CPU
		{057B44B0-ED99-40A2-8138-639C0392EB4F}.Debug|Any CPU.Build.0 = Debug|Any CPU
		{057B44B0-ED99-40A2-8138-639C0392EB4F}.Release|Any CPU.ActiveCfg = Release|Any CPU
		{057B44B0-ED99-40A2-8138-639C0392EB4F}.Release|Any CPU.Build.0 = Release|Any CPU
	EndGlobalSection
	GlobalSection(SolutionProperties) = preSolution
		HideSolutionNode = FALSE
	EndGlobalSection
	GlobalSection(ExtensibilityGlobals) = postSolution
		SolutionGuid = {10E94945-DF4A-4850-BB6D-AE1B0D9F031A}
	EndGlobalSection
EndGlobal
